
Microsoft Visual Studio Solution File, Format Version 12.00
# Visual Studio Version 17
VisualStudioVersion = 17.5.002.0
MinimumVisualStudioVersion = 10.0.40219.1
Project("{9A19103F-16F7-4668-BE54-9A1E7A4F7556}") = "BookManagement.Tests", "BookManagement.Tests.csproj", "{22F6C0A5-BFFC-4605-A4B6-0C574C6698DD}"
EndProject
Global
	GlobalSection(SolutionConfigurationPlatforms) = preSolution
		Debug|Any CPU = Debug|Any CPU
		Release|Any CPU = Release|Any CPU
	EndGlobalSection
	GlobalSection(ProjectConfigurationPlatforms) = postSolution
		{22F6C0A5-BFFC-4605-A4B6-0C574C6698DD}.Debug|Any CPU.ActiveCfg = Debug|Any CPU
		{22F6C0A5-BFFC-4605-A4B6-0C574C6698DD}.Debug|Any CPU.Build.0 = Debug|Any CPU
		{22F6C0A5-BFFC-4605-A4B6-0C574C6698DD}.Release|Any CPU.ActiveCfg = Release|Any CPU
		{22F6C0A5-BFFC-4605-A4B6-0C574C6698DD}.Release|Any CPU.Build.0 = Release|Any CPU
	EndGlobalSection
	GlobalSection(SolutionProperties) = preSolution
		HideSolutionNode = FALSE
	EndGlobalSection
	GlobalSection(ExtensibilityGlobals) = postSolution
		SolutionGuid = {D7DF1812-10E1-4102-AA4D-9DFC1D140902}
	EndGlobalSection
EndGlobal
